
Microsoft Visual Studio Solution File, Format Version 12.00
# Visual Studio Version 16
VisualStudioVersion = 16.0.30413.136
MinimumVisualStudioVersion = 10.0.40219.1
Project("{FAE04EC0-301F-11D3-BF4B-00C04F79EFBC}") = "WindowsFormsCrane", "WindowsFormsCrane\WindowsFormsCrane.csproj", "{2377544C-16D1-44E8-8951-8B86B218C170}"
EndProject
Global
	GlobalSection(SolutionConfigurationPlatforms) = preSolution
		Debug|Any CPU = Debug|Any CPU
		Release|Any CPU = Release|Any CPU
	EndGlobalSection
	GlobalSection(ProjectConfigurationPlatforms) = postSolution
		{2377544C-16D1-44E8-8951-8B86B218C170}.Debug|Any CPU.ActiveCfg = Debug|Any CPU
		{2377544C-16D1-44E8-8951-8B86B218C170}.Debug|Any CPU.Build.0 = Debug|Any CPU
		{2377544C-16D1-44E8-8951-8B86B218C170}.Release|Any CPU.ActiveCfg = Release|Any CPU
		{2377544C-16D1-44E8-8951-8B86B218C170}.Release|Any CPU.Build.0 = Release|Any CPU
	EndGlobalSection
	GlobalSection(SolutionProperties) = preSolution
		HideSolutionNode = FALSE
	EndGlobalSection
	GlobalSection(ExtensibilityGlobals) = postSolution
		SolutionGuid = {BD8A5073-EA06-44B0-A40F-393BA7AF1588}
	EndGlobalSection
EndGlobal
