
Microsoft Visual Studio Solution File, Format Version 12.00
# Visual Studio Version 16
VisualStudioVersion = 16.0.30413.136
MinimumVisualStudioVersion = 10.0.40219.1
Project("{FAE04EC0-301F-11D3-BF4B-00C04F79EFBC}") = "WindowsFormsAutotrain", "WindowsFormsAutotrain\WindowsFormsAutotrain.csproj", "{CA087AA8-1DBB-441D-85F9-1C94F4250CD0}"
EndProject
Global
	GlobalSection(SolutionConfigurationPlatforms) = preSolution
		Debug|Any CPU = Debug|Any CPU
		Release|Any CPU = Release|Any CPU
	EndGlobalSection
	GlobalSection(ProjectConfigurationPlatforms) = postSolution
		{CA087AA8-1DBB-441D-85F9-1C94F4250CD0}.Debug|Any CPU.ActiveCfg = Debug|Any CPU
		{CA087AA8-1DBB-441D-85F9-1C94F4250CD0}.Debug|Any CPU.Build.0 = Debug|Any CPU
		{CA087AA8-1DBB-441D-85F9-1C94F4250CD0}.Release|Any CPU.ActiveCfg = Release|Any CPU
		{CA087AA8-1DBB-441D-85F9-1C94F4250CD0}.Release|Any CPU.Build.0 = Release|Any CPU
	EndGlobalSection
	GlobalSection(SolutionProperties) = preSolution
		HideSolutionNode = FALSE
	EndGlobalSection
	GlobalSection(ExtensibilityGlobals) = postSolution
		SolutionGuid = {08E0B410-F4EF-4AE8-89DD-5B2A2DA2529C}
	EndGlobalSection
EndGlobal
